
Microsoft Visual Studio Solution File, Format Version 12.00
# Visual Studio 2012
Project("{FAE04EC0-301F-11D3-BF4B-00C04F79EFBC}") = "wrapper", "wrapper.csproj", "{8D7FA25B-BEED-48A2-BD91-C4EF61DEACCC}"
EndProject
Global
	GlobalSection(SolutionConfigurationPlatforms) = preSolution
		Debug|Any CPU = Debug|Any CPU
		Release|Any CPU = Release|Any CPU
	EndGlobalSection
	GlobalSection(ProjectConfigurationPlatforms) = postSolution
		{8D7FA25B-BEED-48A2-BD91-C4EF61DEACCC}.Debug|Any CPU.ActiveCfg = Debug|Any CPU
		{8D7FA25B-BEED-48A2-BD91-C4EF61DEACCC}.Debug|Any CPU.Build.0 = Debug|Any CPU
		{8D7FA25B-BEED-48A2-BD91-C4EF61DEACCC}.Release|Any CPU.ActiveCfg = Release|Any CPU
		{8D7FA25B-BEED-48A2-BD91-C4EF61DEACCC}.Release|Any CPU.Build.0 = Release|Any CPU
	EndGlobalSection
EndGlobal
